
Microsoft Visual Studio Solution File, Format Version 12.00
# Visual Studio Version 17
VisualStudioVersion = 17.14.36109.1 d17.14
MinimumVisualStudioVersion = 10.0.40219.1
Project("{FAE04EC0-301F-11D3-BF4B-00C04F79EFBC}") = "Suma de enteros", "Suma de enteros\Suma de enteros.csproj", "{B4D30FD9-3070-4B81-AEF2-570067785DFE}"
EndProject
Global
	GlobalSection(SolutionConfigurationPlatforms) = preSolution
		Debug|Any CPU = Debug|Any CPU
		Release|Any CPU = Release|Any CPU
	EndGlobalSection
	GlobalSection(ProjectConfigurationPlatforms) = postSolution
		{B4D30FD9-3070-4B81-AEF2-570067785DFE}.Debug|Any CPU.ActiveCfg = Debug|Any CPU
		{B4D30FD9-3070-4B81-AEF2-570067785DFE}.Debug|Any CPU.Build.0 = Debug|Any CPU
		{B4D30FD9-3070-4B81-AEF2-570067785DFE}.Release|Any CPU.ActiveCfg = Release|Any CPU
		{B4D30FD9-3070-4B81-AEF2-570067785DFE}.Release|Any CPU.Build.0 = Release|Any CPU
	EndGlobalSection
	GlobalSection(SolutionProperties) = preSolution
		HideSolutionNode = FALSE
	EndGlobalSection
	GlobalSection(ExtensibilityGlobals) = postSolution
		SolutionGuid = {76AA7605-8EBE-437B-A62F-96273B4E9B08}
	EndGlobalSection
EndGlobal
