
Microsoft Visual Studio Solution File, Format Version 12.00
# Visual Studio Version 17
VisualStudioVersion = 17.14.36109.1 d17.14
MinimumVisualStudioVersion = 10.0.40219.1
Project("{FAE04EC0-301F-11D3-BF4B-00C04F79EFBC}") = "Numero Primo o No por teclado", "Numero Primo o No por teclado\Numero Primo o No por teclado.csproj", "{43749219-3DF0-4343-86FA-02E5A2352236}"
EndProject
Global
	GlobalSection(SolutionConfigurationPlatforms) = preSolution
		Debug|Any CPU = Debug|Any CPU
		Release|Any CPU = Release|Any CPU
	EndGlobalSection
	GlobalSection(ProjectConfigurationPlatforms) = postSolution
		{43749219-3DF0-4343-86FA-02E5A2352236}.Debug|Any CPU.ActiveCfg = Debug|Any CPU
		{43749219-3DF0-4343-86FA-02E5A2352236}.Debug|Any CPU.Build.0 = Debug|Any CPU
		{43749219-3DF0-4343-86FA-02E5A2352236}.Release|Any CPU.ActiveCfg = Release|Any CPU
		{43749219-3DF0-4343-86FA-02E5A2352236}.Release|Any CPU.Build.0 = Release|Any CPU
	EndGlobalSection
	GlobalSection(SolutionProperties) = preSolution
		HideSolutionNode = FALSE
	EndGlobalSection
	GlobalSection(ExtensibilityGlobals) = postSolution
		SolutionGuid = {A7703CF2-9501-408D-BAA7-BF71184961EF}
	EndGlobalSection
EndGlobal
