
Microsoft Visual Studio Solution File, Format Version 12.00
# Visual Studio Version 17
VisualStudioVersion = 17.14.36109.1 d17.14
MinimumVisualStudioVersion = 10.0.40219.1
Project("{FAE04EC0-301F-11D3-BF4B-00C04F79EFBC}") = "Programa que diga si es un numero perfecto o no", "Programa que diga si es un numero perfecto o no\Programa que diga si es un numero perfecto o no.csproj", "{4615EC47-A094-48A9-9FD6-1B644001C71A}"
EndProject
Global
	GlobalSection(SolutionConfigurationPlatforms) = preSolution
		Debug|Any CPU = Debug|Any CPU
		Release|Any CPU = Release|Any CPU
	EndGlobalSection
	GlobalSection(ProjectConfigurationPlatforms) = postSolution
		{4615EC47-A094-48A9-9FD6-1B644001C71A}.Debug|Any CPU.ActiveCfg = Debug|Any CPU
		{4615EC47-A094-48A9-9FD6-1B644001C71A}.Debug|Any CPU.Build.0 = Debug|Any CPU
		{4615EC47-A094-48A9-9FD6-1B644001C71A}.Release|Any CPU.ActiveCfg = Release|Any CPU
		{4615EC47-A094-48A9-9FD6-1B644001C71A}.Release|Any CPU.Build.0 = Release|Any CPU
	EndGlobalSection
	GlobalSection(SolutionProperties) = preSolution
		HideSolutionNode = FALSE
	EndGlobalSection
	GlobalSection(ExtensibilityGlobals) = postSolution
		SolutionGuid = {BD740E8A-01FB-4147-992F-8B19F0D77796}
	EndGlobalSection
EndGlobal
