
Microsoft Visual Studio Solution File, Format Version 12.00
# Visual Studio Version 17
VisualStudioVersion = 17.14.36109.1 d17.14
MinimumVisualStudioVersion = 10.0.40219.1
Project("{FAE04EC0-301F-11D3-BF4B-00C04F79EFBC}") = "Introducir un nombre y decir si es Adulto o Menor", "Introducir un nombre y decir si es Adulto o Menor\Introducir un nombre y decir si es Adulto o Menor.csproj", "{3B093317-1DB9-4544-A7F3-F49B2D3F9ABE}"
EndProject
Global
	GlobalSection(SolutionConfigurationPlatforms) = preSolution
		Debug|Any CPU = Debug|Any CPU
		Release|Any CPU = Release|Any CPU
	EndGlobalSection
	GlobalSection(ProjectConfigurationPlatforms) = postSolution
		{3B093317-1DB9-4544-A7F3-F49B2D3F9ABE}.Debug|Any CPU.ActiveCfg = Debug|Any CPU
		{3B093317-1DB9-4544-A7F3-F49B2D3F9ABE}.Debug|Any CPU.Build.0 = Debug|Any CPU
		{3B093317-1DB9-4544-A7F3-F49B2D3F9ABE}.Release|Any CPU.ActiveCfg = Release|Any CPU
		{3B093317-1DB9-4544-A7F3-F49B2D3F9ABE}.Release|Any CPU.Build.0 = Release|Any CPU
	EndGlobalSection
	GlobalSection(SolutionProperties) = preSolution
		HideSolutionNode = FALSE
	EndGlobalSection
	GlobalSection(ExtensibilityGlobals) = postSolution
		SolutionGuid = {A1461786-6BD0-4282-B3BF-889B1090B46A}
	EndGlobalSection
EndGlobal
